// !$*UTF8*$!
{
	archiveVersion = 1;
	classes = {
	};
	objectVersion = 56;
	objects = {

/* Begin PBXBuildFile section */
		B27924872C3BDE8B00F4F416 /* CleanArchitectureApp.swift in Sources */ = {isa = PBXBuildFile; fileRef = B27924862C3BDE8B00F4F416 /* CleanArchitectureApp.swift */; };
		B27924892C3BDE8B00F4F416 /* ContentView.swift in Sources */ = {isa = PBXBuildFile; fileRef = B27924882C3BDE8B00F4F416 /* ContentView.swift */; };
		B279248B2C3BDE8C00F4F416 /* Assets.xcassets in Resources */ = {isa = PBXBuildFile; fileRef = B279248A2C3BDE8C00F4F416 /* Assets.xcassets */; };
		B279248E2C3BDE8C00F4F416 /* Preview Assets.xcassets in Resources */ = {isa = PBXBuildFile; fileRef = B279248D2C3BDE8C00F4F416 /* Preview Assets.xcassets */; };
		B27924982C3BDE8D00F4F416 /* CleanArchitectureTests.swift in Sources */ = {isa = PBXBuildFile; fileRef = B27924972C3BDE8D00F4F416 /* CleanArchitectureTests.swift */; };
		B27924A22C3BDE8D00F4F416 /* CleanArchitectureUITests.swift in Sources */ = {isa = PBXBuildFile; fileRef = B27924A12C3BDE8D00F4F416 /* CleanArchitectureUITests.swift */; };
		B27924A42C3BDE8D00F4F416 /* CleanArchitectureUITestsLaunchTests.swift in Sources */ = {isa = PBXBuildFile; fileRef = B27924A32C3BDE8D00F4F416 /* CleanArchitectureUITestsLaunchTests.swift */; };
/* End PBXBuildFile section */

/* Begin PBXContainerItemProxy section */
		B27924942C3BDE8D00F4F416 /* PBXContainerItemProxy */ = {
			isa = PBXContainerItemProxy;
			containerPortal = B279247B2C3BDE8B00F4F416 /* Project object */;
			proxyType = 1;
			remoteGlobalIDString = B27924822C3BDE8B00F4F416;
			remoteInfo = CleanArchitecture;
		};
		B279249E2C3BDE8D00F4F416 /* PBXContainerItemProxy */ = {
			isa = PBXContainerItemProxy;
			containerPortal = B279247B2C3BDE8B00F4F416 /* Project object */;
			proxyType = 1;
			remoteGlobalIDString = B27924822C3BDE8B00F4F416;
			remoteInfo = CleanArchitecture;
		};
/* End PBXContainerItemProxy section */

/* Begin PBXFileReference section */
		B27924832C3BDE8B00F4F416 /* CleanArchitecture.app */ = {isa = PBXFileReference; explicitFileType = wrapper.application; includeInIndex = 0; path = CleanArchitecture.app; sourceTree = BUILT_PRODUCTS_DIR; };
		B27924862C3BDE8B00F4F416 /* CleanArchitectureApp.swift */ = {isa = PBXFileReference; lastKnownFileType = sourcecode.swift; path = CleanArchitectureApp.swift; sourceTree = "<group>"; };
		B27924882C3BDE8B00F4F416 /* ContentView.swift */ = {isa = PBXFileReference; lastKnownFileType = sourcecode.swift; path = ContentView.swift; sourceTree = "<group>"; };
		B279248A2C3BDE8C00F4F416 /* Assets.xcassets */ = {isa = PBXFileReference; lastKnownFileType = folder.assetcatalog; path = Assets.xcassets; sourceTree = "<group>"; };
		B279248D2C3BDE8C00F4F416 /* Preview Assets.xcassets */ = {isa = PBXFileReference; lastKnownFileType = folder.assetcatalog; path = "Preview Assets.xcassets"; sourceTree = "<group>"; };
		B27924932C3BDE8D00F4F416 /* CleanArchitectureTests.xctest */ = {isa = PBXFileReference; explicitFileType = wrapper.cfbundle; includeInIndex = 0; path = CleanArchitectureTests.xctest; sourceTree = BUILT_PRODUCTS_DIR; };
		B27924972C3BDE8D00F4F416 /* CleanArchitectureTests.swift */ = {isa = PBXFileReference; lastKnownFileType = sourcecode.swift; path = CleanArchitectureTests.swift; sourceTree = "<group>"; };
		B279249D2C3BDE8D00F4F416 /* CleanArchitectureUITests.xctest */ = {isa = PBXFileReference; explicitFileType = wrapper.cfbundle; includeInIndex = 0; path = CleanArchitectureUITests.xctest; sourceTree = BUILT_PRODUCTS_DIR; };
		B27924A12C3BDE8D00F4F416 /* CleanArchitectureUITests.swift */ = {isa = PBXFileReference; lastKnownFileType = sourcecode.swift; path = CleanArchitectureUITests.swift; sourceTree = "<group>"; };
		B27924A32C3BDE8D00F4F416 /* CleanArchitectureUITestsLaunchTests.swift */ = {isa = PBXFileReference; lastKnownFileType = sourcecode.swift; path = CleanArchitectureUITestsLaunchTests.swift; sourceTree = "<group>"; };
/* End PBXFileReference section */

/* Begin PBXFrameworksBuildPhase section */
		B27924802C3BDE8B00F4F416 /* Frameworks */ = {
			isa = PBXFrameworksBuildPhase;
			buildActionMask = 2147483647;
			files = (
			);
			runOnlyForDeploymentPostprocessing = 0;
		};
		B27924902C3BDE8D00F4F416 /* Frameworks */ = {
			isa = PBXFrameworksBuildPhase;
			buildActionMask = 2147483647;
			files = (
			);
			runOnlyForDeploymentPostprocessing = 0;
		};
		B279249A2C3BDE8D00F4F416 /* Frameworks */ = {
			isa = PBXFrameworksBuildPhase;
			buildActionMask = 2147483647;
			files = (
			);
			runOnlyForDeploymentPostprocessing = 0;
		};
/* End PBXFrameworksBuildPhase section */

/* Begin PBXGroup section */
		B279247A2C3BDE8B00F4F416 = {
			isa = PBXGroup;
			children = (
				B27924852C3BDE8B00F4F416 /* CleanArchitecture */,
				B27924962C3BDE8D00F4F416 /* CleanArchitectureTests */,
				B27924A02C3BDE8D00F4F416 /* CleanArchitectureUITests */,
				B27924842C3BDE8B00F4F416 /* Products */,
			);
			sourceTree = "<group>";
		};
		B27924842C3BDE8B00F4F416 /* Products */ = {
			isa = PBXGroup;
			children = (
				B27924832C3BDE8B00F4F416 /* CleanArchitecture.app */,
				B27924932C3BDE8D00F4F416 /* CleanArchitectureTests.xctest */,
				B279249D2C3BDE8D00F4F416 /* CleanArchitectureUITests.xctest */,
			);
			name = Products;
			sourceTree = "<group>";
		};
		B27924852C3BDE8B00F4F416 /* CleanArchitecture */ = {
			isa = PBXGroup;
			children = (
				B27924862C3BDE8B00F4F416 /* CleanArchitectureApp.swift */,
				B27924882C3BDE8B00F4F416 /* ContentView.swift */,
				B279248A2C3BDE8C00F4F416 /* Assets.xcassets */,
				B279248C2C3BDE8C00F4F416 /* Preview Content */,
			);
			path = CleanArchitecture;
			sourceTree = "<group>";
		};
		B279248C2C3BDE8C00F4F416 /* Preview Content */ = {
			isa = PBXGroup;
			children = (
				B279248D2C3BDE8C00F4F416 /* Preview Assets.xcassets */,
			);
			path = "Preview Content";
			sourceTree = "<group>";
		};
		B27924962C3BDE8D00F4F416 /* CleanArchitectureTests */ = {
			isa = PBXGroup;
			children = (
				B27924972C3BDE8D00F4F416 /* CleanArchitectureTests.swift */,
			);
			path = CleanArchitectureTests;
			sourceTree = "<group>";
		};
		B27924A02C3BDE8D00F4F416 /* CleanArchitectureUITests */ = {
			isa = PBXGroup;
			children = (
				B27924A12C3BDE8D00F4F416 /* CleanArchitectureUITests.swift */,
				B27924A32C3BDE8D00F4F416 /* CleanArchitectureUITestsLaunchTests.swift */,
			);
			path = CleanArchitectureUITests;
			sourceTree = "<group>";
		};
/* End PBXGroup section */

/* Begin PBXNativeTarget section */
		B27924822C3BDE8B00F4F416 /* CleanArchitecture */ = {
			isa = PBXNativeTarget;
			buildConfigurationList = B27924A72C3BDE8D00F4F416 /* Build configuration list for PBXNativeTarget "CleanArchitecture" */;
			buildPhases = (
				B279247F2C3BDE8B00F4F416 /* Sources */,
				B27924802C3BDE8B00F4F416 /* Frameworks */,
				B27924812C3BDE8B00F4F416 /* Resources */,
			);
			buildRules = (
			);
			dependencies = (
			);
			name = CleanArchitecture;
			productName = CleanArchitecture;
			productReference = B27924832C3BDE8B00F4F416 /* CleanArchitecture.app */;
			productType = "com.apple.product-type.application";
		};
		B27924922C3BDE8D00F4F416 /* CleanArchitectureTests */ = {
			isa = PBXNativeTarget;
			buildConfigurationList = B27924AA2C3BDE8D00F4F416 /* Build configuration list for PBXNativeTarget "CleanArchitectureTests" */;
			buildPhases = (
				B279248F2C3BDE8D00F4F416 /* Sources */,
				B27924902C3BDE8D00F4F416 /* Frameworks */,
				B27924912C3BDE8D00F4F416 /* Resources */,
			);
			buildRules = (
			);
			dependencies = (
				B27924952C3BDE8D00F4F416 /* PBXTargetDependency */,
			);
			name = CleanArchitectureTests;
			productName = CleanArchitectureTests;
			productReference = B27924932C3BDE8D00F4F416 /* CleanArchitectureTests.xctest */;
			productType = "com.apple.product-type.bundle.unit-test";
		};
		B279249C2C3BDE8D00F4F416 /* CleanArchitectureUITests */ = {
			isa = PBXNativeTarget;
			buildConfigurationList = B27924AD2C3BDE8D00F4F416 /* Build configuration list for PBXNativeTarget "CleanArchitectureUITests" */;
			buildPhases = (
				B27924992C3BDE8D00F4F416 /* Sources */,
				B279249A2C3BDE8D00F4F416 /* Frameworks */,
				B279249B2C3BDE8D00F4F416 /* Resources */,
			);
			buildRules = (
			);
			dependencies = (
				B279249F2C3BDE8D00F4F416 /* PBXTargetDependency */,
			);
			name = CleanArchitectureUITests;
			productName = CleanArchitectureUITests;
			productReference = B279249D2C3BDE8D00F4F416 /* CleanArchitectureUITests.xctest */;
			productType = "com.apple.product-type.bundle.ui-testing";
		};
/* End PBXNativeTarget section */

/* Begin PBXProject section */
		B279247B2C3BDE8B00F4F416 /* Project object */ = {
			isa = PBXProject;
			attributes = {
				BuildIndependentTargetsInParallel = 1;
				LastSwiftUpdateCheck = 1540;
				LastUpgradeCheck = 1540;
				TargetAttributes = {
					B27924822C3BDE8B00F4F416 = {
						CreatedOnToolsVersion = 15.4;
					};
					B27924922C3BDE8D00F4F416 = {
						CreatedOnToolsVersion = 15.4;
						TestTargetID = B27924822C3BDE8B00F4F416;
					};
					B279249C2C3BDE8D00F4F416 = {
						CreatedOnToolsVersion = 15.4;
						TestTargetID = B27924822C3BDE8B00F4F416;
					};
				};
			};
			buildConfigurationList = B279247E2C3BDE8B00F4F416 /* Build configuration list for PBXProject "CleanArchitecture" */;
			compatibilityVersion = "Xcode 14.0";
			developmentRegion = en;
			hasScannedForEncodings = 0;
			knownRegions = (
				en,
				Base,
			);
			mainGroup = B279247A2C3BDE8B00F4F416;
			productRefGroup = B27924842C3BDE8B00F4F416 /* Products */;
			projectDirPath = "";
			projectRoot = "";
			targets = (
				B27924822C3BDE8B00F4F416 /* CleanArchitecture */,
				B27924922C3BDE8D00F4F416 /* CleanArchitectureTests */,
				B279249C2C3BDE8D00F4F416 /* CleanArchitectureUITests */,
			);
		};
/* End PBXProject section */

/* Begin PBXResourcesBuildPhase section */
		B27924812C3BDE8B00F4F416 /* Resources */ = {
			isa = PBXResourcesBuildPhase;
			buildActionMask = 2147483647;
			files = (
				B279248E2C3BDE8C00F4F416 /* Preview Assets.xcassets in Resources */,
				B279248B2C3BDE8C00F4F416 /* Assets.xcassets in Resources */,
			);
			runOnlyForDeploymentPostprocessing = 0;
		};
		B27924912C3BDE8D00F4F416 /* Resources */ = {
			isa = PBXResourcesBuildPhase;
			buildActionMask = 2147483647;
			files = (
			);
			runOnlyForDeploymentPostprocessing = 0;
		};
		B279249B2C3BDE8D00F4F416 /* Resources */ = {
			isa = PBXResourcesBuildPhase;
			buildActionMask = 2147483647;
			files = (
			);
			runOnlyForDeploymentPostprocessing = 0;
		};
/* End PBXResourcesBuildPhase section */

/* Begin PBXSourcesBuildPhase section */
		B279247F2C3BDE8B00F4F416 /* Sources */ = {
			isa = PBXSourcesBuildPhase;
			buildActionMask = 2147483647;
			files = (
				B27924892C3BDE8B00F4F416 /* ContentView.swift in Sources */,
				B27924872C3BDE8B00F4F416 /* CleanArchitectureApp.swift in Sources */,
			);
			runOnlyForDeploymentPostprocessing = 0;
		};
		B279248F2C3BDE8D00F4F416 /* Sources */ = {
			isa = PBXSourcesBuildPhase;
			buildActionMask = 2147483647;
			files = (
				B27924982C3BDE8D00F4F416 /* CleanArchitectureTests.swift in Sources */,
			);
			runOnlyForDeploymentPostprocessing = 0;
		};
		B27924992C3BDE8D00F4F416 /* Sources */ = {
			isa = PBXSourcesBuildPhase;
			buildActionMask = 2147483647;
			files = (
				B27924A22C3BDE8D00F4F416 /* CleanArchitectureUITests.swift in Sources */,
				B27924A42C3BDE8D00F4F416 /* CleanArchitectureUITestsLaunchTests.swift in Sources */,
			);
			runOnlyForDeploymentPostprocessing = 0;
		};
/* End PBXSourcesBuildPhase section */

/* Begin PBXTargetDependency section */
		B27924952C3BDE8D00F4F416 /* PBXTargetDependency */ = {
			isa = PBXTargetDependency;
			target = B27924822C3BDE8B00F4F416 /* CleanArchitecture */;
			targetProxy = B27924942C3BDE8D00F4F416 /* PBXContainerItemProxy */;
		};
		B279249F2C3BDE8D00F4F416 /* PBXTargetDependency */ = {
			isa = PBXTargetDependency;
			target = B27924822C3BDE8B00F4F416 /* CleanArchitecture */;
			targetProxy = B279249E2C3BDE8D00F4F416 /* PBXContainerItemProxy */;
		};
/* End PBXTargetDependency section */

/* Begin XCBuildConfiguration section */
		B27924A52C3BDE8D00F4F416 /* Debug */ = {
			isa = XCBuildConfiguration;
			buildSettings = {
				ALWAYS_SEARCH_USER_PATHS = NO;
				ASSETCATALOG_COMPILER_GENERATE_SWIFT_ASSET_SYMBOL_EXTENSIONS = YES;
				CLANG_ANALYZER_NONNULL = YES;
				CLANG_ANALYZER_NUMBER_OBJECT_CONVERSION = YES_AGGRESSIVE;
				CLANG_CXX_LANGUAGE_STANDARD = "gnu++20";
				CLANG_ENABLE_MODULES = YES;
				CLANG_ENABLE_OBJC_ARC = YES;
				CLANG_ENABLE_OBJC_WEAK = YES;
				CLANG_WARN_BLOCK_CAPTURE_AUTORELEASING = YES;
				CLANG_WARN_BOOL_CONVERSION = YES;
				CLANG_WARN_COMMA = YES;
				CLANG_WARN_CONSTANT_CONVERSION = YES;
				CLANG_WARN_DEPRECATED_OBJC_IMPLEMENTATIONS = YES;
				CLANG_WARN_DIRECT_OBJC_ISA_USAGE = YES_ERROR;
				CLANG_WARN_DOCUMENTATION_COMMENTS = YES;
				CLANG_WARN_EMPTY_BODY = YES;
				CLANG_WARN_ENUM_CONVERSION = YES;
				CLANG_WARN_INFINITE_RECURSION = YES;
				CLANG_WARN_INT_CONVERSION = YES;
				CLANG_WARN_NON_LITERAL_NULL_CONVERSION = YES;
				CLANG_WARN_OBJC_IMPLICIT_RETAIN_SELF = YES;
				CLANG_WARN_OBJC_LITERAL_CONVERSION = YES;
				CLANG_WARN_OBJC_ROOT_CLASS = YES_ERROR;
				CLANG_WARN_QUOTED_INCLUDE_IN_FRAMEWORK_HEADER = YES;
				CLANG_WARN_RANGE_LOOP_ANALYSIS = YES;
				CLANG_WARN_STRICT_PROTOTYPES = YES;
				CLANG_WARN_SUSPICIOUS_MOVE = YES;
				CLANG_WARN_UNGUARDED_AVAILABILITY = YES_AGGRESSIVE;
				CLANG_WARN_UNREACHABLE_CODE = YES;
				CLANG_WARN__DUPLICATE_METHOD_MATCH = YES;
				COPY_PHASE_STRIP = NO;
				DEBUG_INFORMATION_FORMAT = dwarf;
				ENABLE_STRICT_OBJC_MSGSEND = YES;
				ENABLE_TESTABILITY = YES;
				ENABLE_USER_SCRIPT_SANDBOXING = YES;
				GCC_C_LANGUAGE_STANDARD = gnu17;
				GCC_DYNAMIC_NO_PIC = NO;
				GCC_NO_COMMON_BLOCKS = YES;
				GCC_OPTIMIZATION_LEVEL = 0;
				GCC_PREPROCESSOR_DEFINITIONS = (
					"DEBUG=1",
					"$(inherited)",
				);
				GCC_WARN_64_TO_32_BIT_CONVERSION = YES;
				GCC_WARN_ABOUT_RETURN_TYPE = YES_ERROR;
				GCC_WARN_UNDECLARED_SELECTOR = YES;
				GCC_WARN_UNINITIALIZED_AUTOS = YES_AGGRESSIVE;
				GCC_WARN_UNUSED_FUNCTION = YES;
				GCC_WARN_UNUSED_VARIABLE = YES;
				IPHONEOS_DEPLOYMENT_TARGET = 17.5;
				LOCALIZATION_PREFERS_STRING_CATALOGS = YES;
				MTL_ENABLE_DEBUG_INFO = INCLUDE_SOURCE;
				MTL_FAST_MATH = YES;
				ONLY_ACTIVE_ARCH = YES;
				SDKROOT = iphoneos;
				SWIFT_ACTIVE_COMPILATION_CONDITIONS = "DEBUG $(inherited)";
				SWIFT_OPTIMIZATION_LEVEL = "-Onone";
			};
			name = Debug;
		};
		B27924A62C3BDE8D00F4F416 /* Release */ = {
			isa = XCBuildConfiguration;
			buildSettings = {
				ALWAYS_SEARCH_USER_PATHS = NO;
				ASSETCATALOG_COMPILER_GENERATE_SWIFT_ASSET_SYMBOL_EXTENSIONS = YES;
				CLANG_ANALYZER_NONNULL = YES;
				CLANG_ANALYZER_NUMBER_OBJECT_CONVERSION = YES_AGGRESSIVE;
				CLANG_CXX_LANGUAGE_STANDARD = "gnu++20";
				CLANG_ENABLE_MODULES = YES;
				CLANG_ENABLE_OBJC_ARC = YES;
				CLANG_ENABLE_OBJC_WEAK = YES;
				CLANG_WARN_BLOCK_CAPTURE_AUTORELEASING = YES;
				CLANG_WARN_BOOL_CONVERSION = YES;
				CLANG_WARN_COMMA = YES;
				CLANG_WARN_CONSTANT_CONVERSION = YES;
				CLANG_WARN_DEPRECATED_OBJC_IMPLEMENTATIONS = YES;
				CLANG_WARN_DIRECT_OBJC_ISA_USAGE = YES_ERROR;
				CLANG_WARN_DOCUMENTATION_COMMENTS = YES;
				CLANG_WARN_EMPTY_BODY = YES;
				CLANG_WARN_ENUM_CONVERSION = YES;
				CLANG_WARN_INFINITE_RECURSION = YES;
				CLANG_WARN_INT_CONVERSION = YES;
				CLANG_WARN_NON_LITERAL_NULL_CONVERSION = YES;
				CLANG_WARN_OBJC_IMPLICIT_RETAIN_SELF = YES;
				CLANG_WARN_OBJC_LITERAL_CONVERSION = YES;
				CLANG_WARN_OBJC_ROOT_CLASS = YES_ERROR;
				CLANG_WARN_QUOTED_INCLUDE_IN_FRAMEWORK_HEADER = YES;
				CLANG_WARN_RANGE_LOOP_ANALYSIS = YES;
				CLANG_WARN_STRICT_PROTOTYPES = YES;
				CLANG_WARN_SUSPICIOUS_MOVE = YES;
				CLANG_WARN_UNGUARDED_AVAILABILITY = YES_AGGRESSIVE;
				CLANG_WARN_UNREACHABLE_CODE = YES;
				CLANG_WARN__DUPLICATE_METHOD_MATCH = YES;
				COPY_PHASE_STRIP = NO;
				DEBUG_INFORMATION_FORMAT = "dwarf-with-dsym";
				ENABLE_NS_ASSERTIONS = NO;
				ENABLE_STRICT_OBJC_MSGSEND = YES;
				ENABLE_USER_SCRIPT_SANDBOXING = YES;
				GCC_C_LANGUAGE_STANDARD = gnu17;
				GCC_NO_COMMON_BLOCKS = YES;
				GCC_WARN_64_TO_32_BIT_CONVERSION = YES;
				GCC_WARN_ABOUT_RETURN_TYPE = YES_ERROR;
				GCC_WARN_UNDECLARED_SELECTOR = YES;
				GCC_WARN_UNINITIALIZED_AUTOS = YES_AGGRESSIVE;
				GCC_WARN_UNUSED_FUNCTION = YES;
				GCC_WARN_UNUSED_VARIABLE = YES;
				IPHONEOS_DEPLOYMENT_TARGET = 17.5;
				LOCALIZATION_PREFERS_STRING_CATALOGS = YES;
				MTL_ENABLE_DEBUG_INFO = NO;
				MTL_FAST_MATH = YES;
				SDKROOT = iphoneos;
				SWIFT_COMPILATION_MODE = wholemodule;
				VALIDATE_PRODUCT = YES;
			};
			name = Release;
		};
		B27924A82C3BDE8D00F4F416 /* Debug */ = {
			isa = XCBuildConfiguration;
			buildSettings = {
				ASSETCATALOG_COMPILER_APPICON_NAME = AppIcon;
				ASSETCATALOG_COMPILER_GLOBAL_ACCENT_COLOR_NAME = AccentColor;
				CODE_SIGN_STYLE = Automatic;
				CURRENT_PROJECT_VERSION = 1;
				DEVELOPMENT_ASSET_PATHS = "\"CleanArchitecture/Preview Content\"";
				DEVELOPMENT_TEAM = 34A9J24W7Y;
				ENABLE_PREVIEWS = YES;
				GENERATE_INFOPLIST_FILE = YES;
				INFOPLIST_KEY_UIApplicationSceneManifest_Generation = YES;
				INFOPLIST_KEY_UIApplicationSupportsIndirectInputEvents = YES;
				INFOPLIST_KEY_UILaunchScreen_Generation = YES;
				INFOPLIST_KEY_UISupportedInterfaceOrientations_iPad = "UIInterfaceOrientationPortrait UIInterfaceOrientationPortraitUpsideDown UIInterfaceOrientationLandscapeLeft UIInterfaceOrientationLandscapeRight";
				INFOPLIST_KEY_UISupportedInterfaceOrientations_iPhone = "UIInterfaceOrientationPortrait UIInterfaceOrientationLandscapeLeft UIInterfaceOrientationLandscapeRight";
				LD_RUNPATH_SEARCH_PATHS = (
					"$(inherited)",
					"@executable_path/Frameworks",
				);
				MARKETING_VERSION = 1.0;
				PRODUCT_BUNDLE_IDENTIFIER = pl.training.CleanArchitecture;
				PRODUCT_NAME = "$(TARGET_NAME)";
				SWIFT_EMIT_LOC_STRINGS = YES;
				SWIFT_VERSION = 5.0;
				TARGETED_DEVICE_FAMILY = "1,2";
			};
			name = Debug;
		};
		B27924A92C3BDE8D00F4F416 /* Release */ = {
			isa = XCBuildConfiguration;
			buildSettings = {
				ASSETCATALOG_COMPILER_APPICON_NAME = AppIcon;
				ASSETCATALOG_COMPILER_GLOBAL_ACCENT_COLOR_NAME = AccentColor;
				CODE_SIGN_STYLE = Automatic;
				CURRENT_PROJECT_VERSION = 1;
				DEVELOPMENT_ASSET_PATHS = "\"CleanArchitecture/Preview Content\"";
				DEVELOPMENT_TEAM = 34A9J24W7Y;
				ENABLE_PREVIEWS = YES;
				GENERATE_INFOPLIST_FILE = YES;
				INFOPLIST_KEY_UIApplicationSceneManifest_Generation = YES;
				INFOPLIST_KEY_UIApplicationSupportsIndirectInputEvents = YES;
				INFOPLIST_KEY_UILaunchScreen_Generation = YES;
				INFOPLIST_KEY_UISupportedInterfaceOrientations_iPad = "UIInterfaceOrientationPortrait UIInterfaceOrientationPortraitUpsideDown UIInterfaceOrientationLandscapeLeft UIInterfaceOrientationLandscapeRight";
				INFOPLIST_KEY_UISupportedInterfaceOrientations_iPhone = "UIInterfaceOrientationPortrait UIInterfaceOrientationLandscapeLeft UIInterfaceOrientationLandscapeRight";
				LD_RUNPATH_SEARCH_PATHS = (
					"$(inherited)",
					"@executable_path/Frameworks",
				);
				MARKETING_VERSION = 1.0;
				PRODUCT_BUNDLE_IDENTIFIER = pl.training.CleanArchitecture;
				PRODUCT_NAME = "$(TARGET_NAME)";
				SWIFT_EMIT_LOC_STRINGS = YES;
				SWIFT_VERSION = 5.0;
				TARGETED_DEVICE_FAMILY = "1,2";
			};
			name = Release;
		};
		B27924AB2C3BDE8D00F4F416 /* Debug */ = {
			isa = XCBuildConfiguration;
			buildSettings = {
				ALWAYS_EMBED_SWIFT_STANDARD_LIBRARIES = YES;
				BUNDLE_LOADER = "$(TEST_HOST)";
				CODE_SIGN_STYLE = Automatic;
				CURRENT_PROJECT_VERSION = 1;
				DEVELOPMENT_TEAM = 34A9J24W7Y;
				GENERATE_INFOPLIST_FILE = YES;
				IPHONEOS_DEPLOYMENT_TARGET = 17.5;
				MARKETING_VERSION = 1.0;
				PRODUCT_BUNDLE_IDENTIFIER = pl.training.CleanArchitectureTests;
				PRODUCT_NAME = "$(TARGET_NAME)";
				SWIFT_EMIT_LOC_STRINGS = NO;
				SWIFT_VERSION = 5.0;
				TARGETED_DEVICE_FAMILY = "1,2";
				TEST_HOST = "$(BUILT_PRODUCTS_DIR)/CleanArchitecture.app/$(BUNDLE_EXECUTABLE_FOLDER_PATH)/CleanArchitecture";
			};
			name = Debug;
		};
		B27924AC2C3BDE8D00F4F416 /* Release */ = {
			isa = XCBuildConfiguration;
			buildSettings = {
				ALWAYS_EMBED_SWIFT_STANDARD_LIBRARIES = YES;
				BUNDLE_LOADER = "$(TEST_HOST)";
				CODE_SIGN_STYLE = Automatic;
				CURRENT_PROJECT_VERSION = 1;
				DEVELOPMENT_TEAM = 34A9J24W7Y;
				GENERATE_INFOPLIST_FILE = YES;
				IPHONEOS_DEPLOYMENT_TARGET = 17.5;
				MARKETING_VERSION = 1.0;
				PRODUCT_BUNDLE_IDENTIFIER = pl.training.CleanArchitectureTests;
				PRODUCT_NAME = "$(TARGET_NAME)";
				SWIFT_EMIT_LOC_STRINGS = NO;
				SWIFT_VERSION = 5.0;
				TARGETED_DEVICE_FAMILY = "1,2";
				TEST_HOST = "$(BUILT_PRODUCTS_DIR)/CleanArchitecture.app/$(BUNDLE_EXECUTABLE_FOLDER_PATH)/CleanArchitecture";
			};
			name = Release;
		};
		B27924AE2C3BDE8D00F4F416 /* Debug */ = {
			isa = XCBuildConfiguration;
			buildSettings = {
				ALWAYS_EMBED_SWIFT_STANDARD_LIBRARIES = YES;
				CODE_SIGN_STYLE = Automatic;
				CURRENT_PROJECT_VERSION = 1;
				DEVELOPMENT_TEAM = 34A9J24W7Y;
				GENERATE_INFOPLIST_FILE = YES;
				MARKETING_VERSION = 1.0;
				PRODUCT_BUNDLE_IDENTIFIER = pl.training.CleanArchitectureUITests;
				PRODUCT_NAME = "$(TARGET_NAME)";
				SWIFT_EMIT_LOC_STRINGS = NO;
				SWIFT_VERSION = 5.0;
				TARGETED_DEVICE_FAMILY = "1,2";
				TEST_TARGET_NAME = CleanArchitecture;
			};
			name = Debug;
		};
		B27924AF2C3BDE8D00F4F416 /* Release */ = {
			isa = XCBuildConfiguration;
			buildSettings = {
				ALWAYS_EMBED_SWIFT_STANDARD_LIBRARIES = YES;
				CODE_SIGN_STYLE = Automatic;
				CURRENT_PROJECT_VERSION = 1;
				DEVELOPMENT_TEAM = 34A9J24W7Y;
				GENERATE_INFOPLIST_FILE = YES;
				MARKETING_VERSION = 1.0;
				PRODUCT_BUNDLE_IDENTIFIER = pl.training.CleanArchitectureUITests;
				PRODUCT_NAME = "$(TARGET_NAME)";
				SWIFT_EMIT_LOC_STRINGS = NO;
				SWIFT_VERSION = 5.0;
				TARGETED_DEVICE_FAMILY = "1,2";
				TEST_TARGET_NAME = CleanArchitecture;
			};
			name = Release;
		};
/* End XCBuildConfiguration section */

/* Begin XCConfigurationList section */
		B279247E2C3BDE8B00F4F416 /* Build configuration list for PBXProject "CleanArchitecture" */ = {
			isa = XCConfigurationList;
			buildConfigurations = (
				B27924A52C3BDE8D00F4F416 /* Debug */,
				B27924A62C3BDE8D00F4F416 /* Release */,
			);
			defaultConfigurationIsVisible = 0;
			defaultConfigurationName = Release;
		};
		B27924A72C3BDE8D00F4F416 /* Build configuration list for PBXNativeTarget "CleanArchitecture" */ = {
			isa = XCConfigurationList;
			buildConfigurations = (
				B27924A82C3BDE8D00F4F416 /* Debug */,
				B27924A92C3BDE8D00F4F416 /* Release */,
			);
			defaultConfigurationIsVisible = 0;
			defaultConfigurationName = Release;
		};
		B27924AA2C3BDE8D00F4F416 /* Build configuration list for PBXNativeTarget "CleanArchitectureTests" */ = {
			isa = XCConfigurationList;
			buildConfigurations = (
				B27924AB2C3BDE8D00F4F416 /* Debug */,
				B27924AC2C3BDE8D00F4F416 /* Release */,
			);
			defaultConfigurationIsVisible = 0;
			defaultConfigurationName = Release;
		};
		B27924AD2C3BDE8D00F4F416 /* Build configuration list for PBXNativeTarget "CleanArchitectureUITests" */ = {
			isa = XCConfigurationList;
			buildConfigurations = (
				B27924AE2C3BDE8D00F4F416 /* Debug */,
				B27924AF2C3BDE8D00F4F416 /* Release */,
			);
			defaultConfigurationIsVisible = 0;
			defaultConfigurationName = Release;
		};
/* End XCConfigurationList section */
	};
	rootObject = B279247B2C3BDE8B00F4F416 /* Project object */;
}
