// !$*UTF8*$!
{
	archiveVersion = 1;
	classes = {
	};
	objectVersion = 56;
	objects = {

/* Begin PBXBuildFile section */
		B27924872C3BDE8B00F4F416 /* CleanArchitectureApp.swift in Sources */ = {isa = PBXBuildFile; fileRef = B27924862C3BDE8B00F4F416 /* CleanArchitectureApp.swift */; };
		B27924892C3BDE8B00F4F416 /* CardsView.swift in Sources */ = {isa = PBXBuildFile; fileRef = B27924882C3BDE8B00F4F416 /* CardsView.swift */; };
		B279248B2C3BDE8C00F4F416 /* Assets.xcassets in Resources */ = {isa = PBXBuildFile; fileRef = B279248A2C3BDE8C00F4F416 /* Assets.xcassets */; };
		B279248E2C3BDE8C00F4F416 /* Preview Assets.xcassets in Resources */ = {isa = PBXBuildFile; fileRef = B279248D2C3BDE8C00F4F416 /* Preview Assets.xcassets */; };
		B27924982C3BDE8D00F4F416 /* CleanArchitectureTests.swift in Sources */ = {isa = PBXBuildFile; fileRef = B27924972C3BDE8D00F4F416 /* CleanArchitectureTests.swift */; };
		B27924A22C3BDE8D00F4F416 /* CleanArchitectureUITests.swift in Sources */ = {isa = PBXBuildFile; fileRef = B27924A12C3BDE8D00F4F416 /* CleanArchitectureUITests.swift */; };
		B27924A42C3BDE8D00F4F416 /* CleanArchitectureUITestsLaunchTests.swift in Sources */ = {isa = PBXBuildFile; fileRef = B27924A32C3BDE8D00F4F416 /* CleanArchitectureUITestsLaunchTests.swift */; };
		B27924B42C3BE01700F4F416 /* Currency.swift in Sources */ = {isa = PBXBuildFile; fileRef = B27924B32C3BE01700F4F416 /* Currency.swift */; };
		B27924B62C3BE07700F4F416 /* MonetaryAmount.swift in Sources */ = {isa = PBXBuildFile; fileRef = B27924B52C3BE07700F4F416 /* MonetaryAmount.swift */; };
		B27924B82C3BE13F00F4F416 /* DomainErrors.swift in Sources */ = {isa = PBXBuildFile; fileRef = B27924B72C3BE13F00F4F416 /* DomainErrors.swift */; };
		B27924BA2C3BE40300F4F416 /* Card.swift in Sources */ = {isa = PBXBuildFile; fileRef = B27924B92C3BE40300F4F416 /* Card.swift */; };
		B27924BC2C3BE49900F4F416 /* CardNumber.swift in Sources */ = {isa = PBXBuildFile; fileRef = B27924BB2C3BE49900F4F416 /* CardNumber.swift */; };
		B27924BE2C3BE4F300F4F416 /* validation.swift in Sources */ = {isa = PBXBuildFile; fileRef = B27924BD2C3BE4F300F4F416 /* validation.swift */; };
		B27924C02C3BE66300F4F416 /* CardTransactionType.swift in Sources */ = {isa = PBXBuildFile; fileRef = B27924BF2C3BE66300F4F416 /* CardTransactionType.swift */; };
		B27924C22C3BE6AB00F4F416 /* CardTransactionId.swift in Sources */ = {isa = PBXBuildFile; fileRef = B27924C12C3BE6AB00F4F416 /* CardTransactionId.swift */; };
		B27924C42C3BE6E800F4F416 /* CardTransaction.swift in Sources */ = {isa = PBXBuildFile; fileRef = B27924C32C3BE6E800F4F416 /* CardTransaction.swift */; };
		B27924C62C3BE8B000F4F416 /* TransactionAmountSpecification.swift in Sources */ = {isa = PBXBuildFile; fileRef = B27924C52C3BE8B000F4F416 /* TransactionAmountSpecification.swift */; };
		B27924C82C3BEA9400F4F416 /* TransactionTimeSpecification.swift in Sources */ = {isa = PBXBuildFile; fileRef = B27924C72C3BEA9400F4F416 /* TransactionTimeSpecification.swift */; };
		B27924CA2C3BECD700F4F416 /* TransactionAddedEvent.swift in Sources */ = {isa = PBXBuildFile; fileRef = B27924C92C3BECD700F4F416 /* TransactionAddedEvent.swift */; };
		B27924CC2C3BEE3300F4F416 /* TransactionFeePolicy.swift in Sources */ = {isa = PBXBuildFile; fileRef = B27924CB2C3BEE3300F4F416 /* TransactionFeePolicy.swift */; };
		B27924CE2C3BEEBB00F4F416 /* PerTransactionFeePolicy.swift in Sources */ = {isa = PBXBuildFile; fileRef = B27924CD2C3BEEBB00F4F416 /* PerTransactionFeePolicy.swift */; };
		B27924D02C3BEF3E00F4F416 /* CardFeesCalculator.swift in Sources */ = {isa = PBXBuildFile; fileRef = B27924CF2C3BEF3E00F4F416 /* CardFeesCalculator.swift */; };
		B27924D42C3BF32600F4F416 /* Cards.swift in Sources */ = {isa = PBXBuildFile; fileRef = B27924D32C3BF32600F4F416 /* Cards.swift */; };
		B27924D72C3BF38400F4F416 /* CardRepository.swift in Sources */ = {isa = PBXBuildFile; fileRef = B27924D62C3BF38400F4F416 /* CardRepository.swift */; };
		B27924D92C3BF44E00F4F416 /* ApplicationErrors.swift in Sources */ = {isa = PBXBuildFile; fileRef = B27924D82C3BF44E00F4F416 /* ApplicationErrors.swift */; };
		B27924DB2C3BF57D00F4F416 /* Transactions.swift in Sources */ = {isa = PBXBuildFile; fileRef = B27924DA2C3BF57D00F4F416 /* Transactions.swift */; };
		B27924DD2C3BF66C00F4F416 /* Operations.swift in Sources */ = {isa = PBXBuildFile; fileRef = B27924DC2C3BF66C00F4F416 /* Operations.swift */; };
		B27924E12C3BF74E00F4F416 /* CardChargedEvend.swift in Sources */ = {isa = PBXBuildFile; fileRef = B27924E02C3BF74E00F4F416 /* CardChargedEvend.swift */; };
		B27924E32C3BF79100F4F416 /* CardEventsPublisher.swift in Sources */ = {isa = PBXBuildFile; fileRef = B27924E22C3BF79100F4F416 /* CardEventsPublisher.swift */; };
		B27924E62C3BF91E00F4F416 /* IdGenerator.swift in Sources */ = {isa = PBXBuildFile; fileRef = B27924E52C3BF91E00F4F416 /* IdGenerator.swift */; };
		B27924E92C3BF9A400F4F416 /* TimeProvider.swift in Sources */ = {isa = PBXBuildFile; fileRef = B27924E82C3BF9A400F4F416 /* TimeProvider.swift */; };
		B27924EF2C3BFC5E00F4F416 /* SystemTimeProvider.swift in Sources */ = {isa = PBXBuildFile; fileRef = B27924EE2C3BFC5E00F4F416 /* SystemTimeProvider.swift */; };
		B27924F22C3BFCA900F4F416 /* UuidGenerator.swift in Sources */ = {isa = PBXBuildFile; fileRef = B27924F12C3BFCA900F4F416 /* UuidGenerator.swift */; };
		B27924F52C3BFCFA00F4F416 /* ConsoleCardEventsPublisher.swift in Sources */ = {isa = PBXBuildFile; fileRef = B27924F42C3BFCFA00F4F416 /* ConsoleCardEventsPublisher.swift */; };
		B27924F82C3BFD5100F4F416 /* InMemoryCardRepository.swift in Sources */ = {isa = PBXBuildFile; fileRef = B27924F72C3BFD5100F4F416 /* InMemoryCardRepository.swift */; };
		B27924FA2C3BFDDD00F4F416 /* CardsViewModel.swift in Sources */ = {isa = PBXBuildFile; fileRef = B27924F92C3BFDDD00F4F416 /* CardsViewModel.swift */; };
		B27924FC2C3C027700F4F416 /* PaymentsConfiguration.swift in Sources */ = {isa = PBXBuildFile; fileRef = B27924FB2C3C027700F4F416 /* PaymentsConfiguration.swift */; };
		B27924FE2C3C077800F4F416 /* Payments.swift in Sources */ = {isa = PBXBuildFile; fileRef = B27924FD2C3C077800F4F416 /* Payments.swift */; };
		B27925022C3C07E000F4F416 /* PaymentsFacade.swift in Sources */ = {isa = PBXBuildFile; fileRef = B27925012C3C07E000F4F416 /* PaymentsFacade.swift */; };
		B27925042C3C0D5100F4F416 /* IncrementalIdGenerator.swift in Sources */ = {isa = PBXBuildFile; fileRef = B27925032C3C0D5100F4F416 /* IncrementalIdGenerator.swift */; };
		B27925072C3C0E6400F4F416 /* LoggingPaymentsProxy.swift in Sources */ = {isa = PBXBuildFile; fileRef = B27925062C3C0E6400F4F416 /* LoggingPaymentsProxy.swift */; };
/* End PBXBuildFile section */

/* Begin PBXContainerItemProxy section */
		B27924942C3BDE8D00F4F416 /* PBXContainerItemProxy */ = {
			isa = PBXContainerItemProxy;
			containerPortal = B279247B2C3BDE8B00F4F416 /* Project object */;
			proxyType = 1;
			remoteGlobalIDString = B27924822C3BDE8B00F4F416;
			remoteInfo = CleanArchitecture;
		};
		B279249E2C3BDE8D00F4F416 /* PBXContainerItemProxy */ = {
			isa = PBXContainerItemProxy;
			containerPortal = B279247B2C3BDE8B00F4F416 /* Project object */;
			proxyType = 1;
			remoteGlobalIDString = B27924822C3BDE8B00F4F416;
			remoteInfo = CleanArchitecture;
		};
/* End PBXContainerItemProxy section */

/* Begin PBXFileReference section */
		B27924832C3BDE8B00F4F416 /* CleanArchitecture.app */ = {isa = PBXFileReference; explicitFileType = wrapper.application; includeInIndex = 0; path = CleanArchitecture.app; sourceTree = BUILT_PRODUCTS_DIR; };
		B27924862C3BDE8B00F4F416 /* CleanArchitectureApp.swift */ = {isa = PBXFileReference; lastKnownFileType = sourcecode.swift; path = CleanArchitectureApp.swift; sourceTree = "<group>"; };
		B27924882C3BDE8B00F4F416 /* CardsView.swift */ = {isa = PBXFileReference; lastKnownFileType = sourcecode.swift; path = CardsView.swift; sourceTree = "<group>"; };
		B279248A2C3BDE8C00F4F416 /* Assets.xcassets */ = {isa = PBXFileReference; lastKnownFileType = folder.assetcatalog; path = Assets.xcassets; sourceTree = "<group>"; };
		B279248D2C3BDE8C00F4F416 /* Preview Assets.xcassets */ = {isa = PBXFileReference; lastKnownFileType = folder.assetcatalog; path = "Preview Assets.xcassets"; sourceTree = "<group>"; };
		B27924932C3BDE8D00F4F416 /* CleanArchitectureTests.xctest */ = {isa = PBXFileReference; explicitFileType = wrapper.cfbundle; includeInIndex = 0; path = CleanArchitectureTests.xctest; sourceTree = BUILT_PRODUCTS_DIR; };
		B27924972C3BDE8D00F4F416 /* CleanArchitectureTests.swift */ = {isa = PBXFileReference; lastKnownFileType = sourcecode.swift; path = CleanArchitectureTests.swift; sourceTree = "<group>"; };
		B279249D2C3BDE8D00F4F416 /* CleanArchitectureUITests.xctest */ = {isa = PBXFileReference; explicitFileType = wrapper.cfbundle; includeInIndex = 0; path = CleanArchitectureUITests.xctest; sourceTree = BUILT_PRODUCTS_DIR; };
		B27924A12C3BDE8D00F4F416 /* CleanArchitectureUITests.swift */ = {isa = PBXFileReference; lastKnownFileType = sourcecode.swift; path = CleanArchitectureUITests.swift; sourceTree = "<group>"; };
		B27924A32C3BDE8D00F4F416 /* CleanArchitectureUITestsLaunchTests.swift */ = {isa = PBXFileReference; lastKnownFileType = sourcecode.swift; path = CleanArchitectureUITestsLaunchTests.swift; sourceTree = "<group>"; };
		B27924B02C3BDEFA00F4F416 /* requrements.txt */ = {isa = PBXFileReference; lastKnownFileType = text; path = requrements.txt; sourceTree = "<group>"; };
		B27924B32C3BE01700F4F416 /* Currency.swift */ = {isa = PBXFileReference; lastKnownFileType = sourcecode.swift; path = Currency.swift; sourceTree = "<group>"; };
		B27924B52C3BE07700F4F416 /* MonetaryAmount.swift */ = {isa = PBXFileReference; lastKnownFileType = sourcecode.swift; path = MonetaryAmount.swift; sourceTree = "<group>"; };
		B27924B72C3BE13F00F4F416 /* DomainErrors.swift */ = {isa = PBXFileReference; lastKnownFileType = sourcecode.swift; path = DomainErrors.swift; sourceTree = "<group>"; };
		B27924B92C3BE40300F4F416 /* Card.swift */ = {isa = PBXFileReference; lastKnownFileType = sourcecode.swift; path = Card.swift; sourceTree = "<group>"; };
		B27924BB2C3BE49900F4F416 /* CardNumber.swift */ = {isa = PBXFileReference; lastKnownFileType = sourcecode.swift; path = CardNumber.swift; sourceTree = "<group>"; };
		B27924BD2C3BE4F300F4F416 /* validation.swift */ = {isa = PBXFileReference; lastKnownFileType = sourcecode.swift; path = validation.swift; sourceTree = "<group>"; };
		B27924BF2C3BE66300F4F416 /* CardTransactionType.swift */ = {isa = PBXFileReference; lastKnownFileType = sourcecode.swift; path = CardTransactionType.swift; sourceTree = "<group>"; };
		B27924C12C3BE6AB00F4F416 /* CardTransactionId.swift */ = {isa = PBXFileReference; lastKnownFileType = sourcecode.swift; path = CardTransactionId.swift; sourceTree = "<group>"; };
		B27924C32C3BE6E800F4F416 /* CardTransaction.swift */ = {isa = PBXFileReference; lastKnownFileType = sourcecode.swift; path = CardTransaction.swift; sourceTree = "<group>"; };
		B27924C52C3BE8B000F4F416 /* TransactionAmountSpecification.swift */ = {isa = PBXFileReference; lastKnownFileType = sourcecode.swift; path = TransactionAmountSpecification.swift; sourceTree = "<group>"; };
		B27924C72C3BEA9400F4F416 /* TransactionTimeSpecification.swift */ = {isa = PBXFileReference; lastKnownFileType = sourcecode.swift; path = TransactionTimeSpecification.swift; sourceTree = "<group>"; };
		B27924C92C3BECD700F4F416 /* TransactionAddedEvent.swift */ = {isa = PBXFileReference; lastKnownFileType = sourcecode.swift; path = TransactionAddedEvent.swift; sourceTree = "<group>"; };
		B27924CB2C3BEE3300F4F416 /* TransactionFeePolicy.swift */ = {isa = PBXFileReference; lastKnownFileType = sourcecode.swift; path = TransactionFeePolicy.swift; sourceTree = "<group>"; };
		B27924CD2C3BEEBB00F4F416 /* PerTransactionFeePolicy.swift */ = {isa = PBXFileReference; lastKnownFileType = sourcecode.swift; path = PerTransactionFeePolicy.swift; sourceTree = "<group>"; };
		B27924CF2C3BEF3E00F4F416 /* CardFeesCalculator.swift */ = {isa = PBXFileReference; lastKnownFileType = sourcecode.swift; path = CardFeesCalculator.swift; sourceTree = "<group>"; };
		B27924D32C3BF32600F4F416 /* Cards.swift */ = {isa = PBXFileReference; lastKnownFileType = sourcecode.swift; path = Cards.swift; sourceTree = "<group>"; };
		B27924D62C3BF38400F4F416 /* CardRepository.swift */ = {isa = PBXFileReference; lastKnownFileType = sourcecode.swift; path = CardRepository.swift; sourceTree = "<group>"; };
		B27924D82C3BF44E00F4F416 /* ApplicationErrors.swift */ = {isa = PBXFileReference; lastKnownFileType = sourcecode.swift; path = ApplicationErrors.swift; sourceTree = "<group>"; };
		B27924DA2C3BF57D00F4F416 /* Transactions.swift */ = {isa = PBXFileReference; lastKnownFileType = sourcecode.swift; path = Transactions.swift; sourceTree = "<group>"; };
		B27924DC2C3BF66C00F4F416 /* Operations.swift */ = {isa = PBXFileReference; lastKnownFileType = sourcecode.swift; path = Operations.swift; sourceTree = "<group>"; };
		B27924E02C3BF74E00F4F416 /* CardChargedEvend.swift */ = {isa = PBXFileReference; lastKnownFileType = sourcecode.swift; path = CardChargedEvend.swift; sourceTree = "<group>"; };
		B27924E22C3BF79100F4F416 /* CardEventsPublisher.swift */ = {isa = PBXFileReference; lastKnownFileType = sourcecode.swift; path = CardEventsPublisher.swift; sourceTree = "<group>"; };
		B27924E52C3BF91E00F4F416 /* IdGenerator.swift */ = {isa = PBXFileReference; lastKnownFileType = sourcecode.swift; path = IdGenerator.swift; sourceTree = "<group>"; };
		B27924E82C3BF9A400F4F416 /* TimeProvider.swift */ = {isa = PBXFileReference; lastKnownFileType = sourcecode.swift; path = TimeProvider.swift; sourceTree = "<group>"; };
		B27924EE2C3BFC5E00F4F416 /* SystemTimeProvider.swift */ = {isa = PBXFileReference; lastKnownFileType = sourcecode.swift; path = SystemTimeProvider.swift; sourceTree = "<group>"; };
		B27924F12C3BFCA900F4F416 /* UuidGenerator.swift */ = {isa = PBXFileReference; lastKnownFileType = sourcecode.swift; path = UuidGenerator.swift; sourceTree = "<group>"; };
		B27924F42C3BFCFA00F4F416 /* ConsoleCardEventsPublisher.swift */ = {isa = PBXFileReference; lastKnownFileType = sourcecode.swift; path = ConsoleCardEventsPublisher.swift; sourceTree = "<group>"; };
		B27924F72C3BFD5100F4F416 /* InMemoryCardRepository.swift */ = {isa = PBXFileReference; lastKnownFileType = sourcecode.swift; path = InMemoryCardRepository.swift; sourceTree = "<group>"; };
		B27924F92C3BFDDD00F4F416 /* CardsViewModel.swift */ = {isa = PBXFileReference; lastKnownFileType = sourcecode.swift; path = CardsViewModel.swift; sourceTree = "<group>"; };
		B27924FB2C3C027700F4F416 /* PaymentsConfiguration.swift */ = {isa = PBXFileReference; lastKnownFileType = sourcecode.swift; path = PaymentsConfiguration.swift; sourceTree = "<group>"; };
		B27924FD2C3C077800F4F416 /* Payments.swift */ = {isa = PBXFileReference; lastKnownFileType = sourcecode.swift; path = Payments.swift; sourceTree = "<group>"; };
		B27925012C3C07E000F4F416 /* PaymentsFacade.swift */ = {isa = PBXFileReference; lastKnownFileType = sourcecode.swift; path = PaymentsFacade.swift; sourceTree = "<group>"; };
		B27925032C3C0D5100F4F416 /* IncrementalIdGenerator.swift */ = {isa = PBXFileReference; lastKnownFileType = sourcecode.swift; path = IncrementalIdGenerator.swift; sourceTree = "<group>"; };
		B27925062C3C0E6400F4F416 /* LoggingPaymentsProxy.swift */ = {isa = PBXFileReference; lastKnownFileType = sourcecode.swift; path = LoggingPaymentsProxy.swift; sourceTree = "<group>"; };
/* End PBXFileReference section */

/* Begin PBXFrameworksBuildPhase section */
		B27924802C3BDE8B00F4F416 /* Frameworks */ = {
			isa = PBXFrameworksBuildPhase;
			buildActionMask = 2147483647;
			files = (
			);
			runOnlyForDeploymentPostprocessing = 0;
		};
		B27924902C3BDE8D00F4F416 /* Frameworks */ = {
			isa = PBXFrameworksBuildPhase;
			buildActionMask = 2147483647;
			files = (
			);
			runOnlyForDeploymentPostprocessing = 0;
		};
		B279249A2C3BDE8D00F4F416 /* Frameworks */ = {
			isa = PBXFrameworksBuildPhase;
			buildActionMask = 2147483647;
			files = (
			);
			runOnlyForDeploymentPostprocessing = 0;
		};
/* End PBXFrameworksBuildPhase section */

/* Begin PBXGroup section */
		B279247A2C3BDE8B00F4F416 = {
			isa = PBXGroup;
			children = (
				B27924B02C3BDEFA00F4F416 /* requrements.txt */,
				B27924852C3BDE8B00F4F416 /* CleanArchitecture */,
				B27924962C3BDE8D00F4F416 /* CleanArchitectureTests */,
				B27924A02C3BDE8D00F4F416 /* CleanArchitectureUITests */,
				B27924842C3BDE8B00F4F416 /* Products */,
			);
			sourceTree = "<group>";
		};
		B27924842C3BDE8B00F4F416 /* Products */ = {
			isa = PBXGroup;
			children = (
				B27924832C3BDE8B00F4F416 /* CleanArchitecture.app */,
				B27924932C3BDE8D00F4F416 /* CleanArchitectureTests.xctest */,
				B279249D2C3BDE8D00F4F416 /* CleanArchitectureUITests.xctest */,
			);
			name = Products;
			sourceTree = "<group>";
		};
		B27924852C3BDE8B00F4F416 /* CleanArchitecture */ = {
			isa = PBXGroup;
			children = (
				B27924D12C3BF29400F4F416 /* Commons */,
				B27924B12C3BDFA800F4F416 /* Payments */,
				B27924862C3BDE8B00F4F416 /* CleanArchitectureApp.swift */,
				B279248A2C3BDE8C00F4F416 /* Assets.xcassets */,
				B279248C2C3BDE8C00F4F416 /* Preview Content */,
			);
			path = CleanArchitecture;
			sourceTree = "<group>";
		};
		B279248C2C3BDE8C00F4F416 /* Preview Content */ = {
			isa = PBXGroup;
			children = (
				B279248D2C3BDE8C00F4F416 /* Preview Assets.xcassets */,
			);
			path = "Preview Content";
			sourceTree = "<group>";
		};
		B27924962C3BDE8D00F4F416 /* CleanArchitectureTests */ = {
			isa = PBXGroup;
			children = (
				B27924972C3BDE8D00F4F416 /* CleanArchitectureTests.swift */,
			);
			path = CleanArchitectureTests;
			sourceTree = "<group>";
		};
		B27924A02C3BDE8D00F4F416 /* CleanArchitectureUITests */ = {
			isa = PBXGroup;
			children = (
				B27924A12C3BDE8D00F4F416 /* CleanArchitectureUITests.swift */,
				B27924A32C3BDE8D00F4F416 /* CleanArchitectureUITestsLaunchTests.swift */,
			);
			path = CleanArchitectureUITests;
			sourceTree = "<group>";
		};
		B27924B12C3BDFA800F4F416 /* Payments */ = {
			isa = PBXGroup;
			children = (
				B27924EA2C3BFC0600F4F416 /* Adapters */,
				B27924D22C3BF2D700F4F416 /* Application */,
				B27924B22C3BDFD700F4F416 /* Domain */,
				B27924FB2C3C027700F4F416 /* PaymentsConfiguration.swift */,
			);
			path = Payments;
			sourceTree = "<group>";
		};
		B27924B22C3BDFD700F4F416 /* Domain */ = {
			isa = PBXGroup;
			children = (
				B27924B32C3BE01700F4F416 /* Currency.swift */,
				B27924B52C3BE07700F4F416 /* MonetaryAmount.swift */,
				B27924BB2C3BE49900F4F416 /* CardNumber.swift */,
				B27924B92C3BE40300F4F416 /* Card.swift */,
				B27924C92C3BECD700F4F416 /* TransactionAddedEvent.swift */,
				B27924C72C3BEA9400F4F416 /* TransactionTimeSpecification.swift */,
				B27924C52C3BE8B000F4F416 /* TransactionAmountSpecification.swift */,
				B27924C12C3BE6AB00F4F416 /* CardTransactionId.swift */,
				B27924BF2C3BE66300F4F416 /* CardTransactionType.swift */,
				B27924C32C3BE6E800F4F416 /* CardTransaction.swift */,
				B27924CF2C3BEF3E00F4F416 /* CardFeesCalculator.swift */,
				B27924CB2C3BEE3300F4F416 /* TransactionFeePolicy.swift */,
				B27924CD2C3BEEBB00F4F416 /* PerTransactionFeePolicy.swift */,
				B27924B72C3BE13F00F4F416 /* DomainErrors.swift */,
			);
			path = Domain;
			sourceTree = "<group>";
		};
		B27924D12C3BF29400F4F416 /* Commons */ = {
			isa = PBXGroup;
			children = (
				B27924BD2C3BE4F300F4F416 /* validation.swift */,
			);
			path = Commons;
			sourceTree = "<group>";
		};
		B27924D22C3BF2D700F4F416 /* Application */ = {
			isa = PBXGroup;
			children = (
				B27925002C3C07CB00F4F416 /* Contract */,
				B27924D52C3BF36B00F4F416 /* Infrastructure */,
				B27924D32C3BF32600F4F416 /* Cards.swift */,
				B27924DA2C3BF57D00F4F416 /* Transactions.swift */,
				B27924DC2C3BF66C00F4F416 /* Operations.swift */,
				B27924D82C3BF44E00F4F416 /* ApplicationErrors.swift */,
			);
			path = Application;
			sourceTree = "<group>";
		};
		B27924D52C3BF36B00F4F416 /* Infrastructure */ = {
			isa = PBXGroup;
			children = (
				B27924E72C3BF98B00F4F416 /* Time */,
				B27924E42C3BF90A00F4F416 /* Identifiers */,
				B27924DF2C3BF72D00F4F416 /* Events */,
				B27924DE2C3BF71E00F4F416 /* Persistence */,
			);
			path = Infrastructure;
			sourceTree = "<group>";
		};
		B27924DE2C3BF71E00F4F416 /* Persistence */ = {
			isa = PBXGroup;
			children = (
				B27924D62C3BF38400F4F416 /* CardRepository.swift */,
			);
			path = Persistence;
			sourceTree = "<group>";
		};
		B27924DF2C3BF72D00F4F416 /* Events */ = {
			isa = PBXGroup;
			children = (
				B27924E02C3BF74E00F4F416 /* CardChargedEvend.swift */,
				B27924E22C3BF79100F4F416 /* CardEventsPublisher.swift */,
			);
			path = Events;
			sourceTree = "<group>";
		};
		B27924E42C3BF90A00F4F416 /* Identifiers */ = {
			isa = PBXGroup;
			children = (
				B27924E52C3BF91E00F4F416 /* IdGenerator.swift */,
			);
			path = Identifiers;
			sourceTree = "<group>";
		};
		B27924E72C3BF98B00F4F416 /* Time */ = {
			isa = PBXGroup;
			children = (
				B27924E82C3BF9A400F4F416 /* TimeProvider.swift */,
			);
			path = Time;
			sourceTree = "<group>";
		};
		B27924EA2C3BFC0600F4F416 /* Adapters */ = {
			isa = PBXGroup;
			children = (
				B27924EB2C3BFC2600F4F416 /* Views */,
				B27924EC2C3BFC2E00F4F416 /* Infrastructure */,
			);
			path = Adapters;
			sourceTree = "<group>";
		};
		B27924EB2C3BFC2600F4F416 /* Views */ = {
			isa = PBXGroup;
			children = (
				B27924882C3BDE8B00F4F416 /* CardsView.swift */,
				B27924F92C3BFDDD00F4F416 /* CardsViewModel.swift */,
			);
			path = Views;
			sourceTree = "<group>";
		};
		B27924EC2C3BFC2E00F4F416 /* Infrastructure */ = {
			isa = PBXGroup;
			children = (
				B27925052C3C0E3700F4F416 /* Logging */,
				B27924ED2C3BFC4E00F4F416 /* Time */,
				B27924F02C3BFC8800F4F416 /* Identifiers */,
				B27924F32C3BFCE000F4F416 /* Events */,
				B27924F62C3BFD3800F4F416 /* Persistence */,
			);
			path = Infrastructure;
			sourceTree = "<group>";
		};
		B27924ED2C3BFC4E00F4F416 /* Time */ = {
			isa = PBXGroup;
			children = (
				B27924EE2C3BFC5E00F4F416 /* SystemTimeProvider.swift */,
			);
			path = Time;
			sourceTree = "<group>";
		};
		B27924F02C3BFC8800F4F416 /* Identifiers */ = {
			isa = PBXGroup;
			children = (
				B27924F12C3BFCA900F4F416 /* UuidGenerator.swift */,
				B27925032C3C0D5100F4F416 /* IncrementalIdGenerator.swift */,
			);
			path = Identifiers;
			sourceTree = "<group>";
		};
		B27924F32C3BFCE000F4F416 /* Events */ = {
			isa = PBXGroup;
			children = (
				B27924F42C3BFCFA00F4F416 /* ConsoleCardEventsPublisher.swift */,
			);
			path = Events;
			sourceTree = "<group>";
		};
		B27924F62C3BFD3800F4F416 /* Persistence */ = {
			isa = PBXGroup;
			children = (
				B27924F72C3BFD5100F4F416 /* InMemoryCardRepository.swift */,
			);
			path = Persistence;
			sourceTree = "<group>";
		};
		B27925002C3C07CB00F4F416 /* Contract */ = {
			isa = PBXGroup;
			children = (
				B27924FD2C3C077800F4F416 /* Payments.swift */,
				B27925012C3C07E000F4F416 /* PaymentsFacade.swift */,
			);
			path = Contract;
			sourceTree = "<group>";
		};
		B27925052C3C0E3700F4F416 /* Logging */ = {
			isa = PBXGroup;
			children = (
				B27925062C3C0E6400F4F416 /* LoggingPaymentsProxy.swift */,
			);
			path = Logging;
			sourceTree = "<group>";
		};
/* End PBXGroup section */

/* Begin PBXNativeTarget section */
		B27924822C3BDE8B00F4F416 /* CleanArchitecture */ = {
			isa = PBXNativeTarget;
			buildConfigurationList = B27924A72C3BDE8D00F4F416 /* Build configuration list for PBXNativeTarget "CleanArchitecture" */;
			buildPhases = (
				B279247F2C3BDE8B00F4F416 /* Sources */,
				B27924802C3BDE8B00F4F416 /* Frameworks */,
				B27924812C3BDE8B00F4F416 /* Resources */,
			);
			buildRules = (
			);
			dependencies = (
			);
			name = CleanArchitecture;
			productName = CleanArchitecture;
			productReference = B27924832C3BDE8B00F4F416 /* CleanArchitecture.app */;
			productType = "com.apple.product-type.application";
		};
		B27924922C3BDE8D00F4F416 /* CleanArchitectureTests */ = {
			isa = PBXNativeTarget;
			buildConfigurationList = B27924AA2C3BDE8D00F4F416 /* Build configuration list for PBXNativeTarget "CleanArchitectureTests" */;
			buildPhases = (
				B279248F2C3BDE8D00F4F416 /* Sources */,
				B27924902C3BDE8D00F4F416 /* Frameworks */,
				B27924912C3BDE8D00F4F416 /* Resources */,
			);
			buildRules = (
			);
			dependencies = (
				B27924952C3BDE8D00F4F416 /* PBXTargetDependency */,
			);
			name = CleanArchitectureTests;
			productName = CleanArchitectureTests;
			productReference = B27924932C3BDE8D00F4F416 /* CleanArchitectureTests.xctest */;
			productType = "com.apple.product-type.bundle.unit-test";
		};
		B279249C2C3BDE8D00F4F416 /* CleanArchitectureUITests */ = {
			isa = PBXNativeTarget;
			buildConfigurationList = B27924AD2C3BDE8D00F4F416 /* Build configuration list for PBXNativeTarget "CleanArchitectureUITests" */;
			buildPhases = (
				B27924992C3BDE8D00F4F416 /* Sources */,
				B279249A2C3BDE8D00F4F416 /* Frameworks */,
				B279249B2C3BDE8D00F4F416 /* Resources */,
			);
			buildRules = (
			);
			dependencies = (
				B279249F2C3BDE8D00F4F416 /* PBXTargetDependency */,
			);
			name = CleanArchitectureUITests;
			productName = CleanArchitectureUITests;
			productReference = B279249D2C3BDE8D00F4F416 /* CleanArchitectureUITests.xctest */;
			productType = "com.apple.product-type.bundle.ui-testing";
		};
/* End PBXNativeTarget section */

/* Begin PBXProject section */
		B279247B2C3BDE8B00F4F416 /* Project object */ = {
			isa = PBXProject;
			attributes = {
				BuildIndependentTargetsInParallel = 1;
				LastSwiftUpdateCheck = 1540;
				LastUpgradeCheck = 1540;
				TargetAttributes = {
					B27924822C3BDE8B00F4F416 = {
						CreatedOnToolsVersion = 15.4;
					};
					B27924922C3BDE8D00F4F416 = {
						CreatedOnToolsVersion = 15.4;
						TestTargetID = B27924822C3BDE8B00F4F416;
					};
					B279249C2C3BDE8D00F4F416 = {
						CreatedOnToolsVersion = 15.4;
						TestTargetID = B27924822C3BDE8B00F4F416;
					};
				};
			};
			buildConfigurationList = B279247E2C3BDE8B00F4F416 /* Build configuration list for PBXProject "CleanArchitecture" */;
			compatibilityVersion = "Xcode 14.0";
			developmentRegion = en;
			hasScannedForEncodings = 0;
			knownRegions = (
				en,
				Base,
			);
			mainGroup = B279247A2C3BDE8B00F4F416;
			productRefGroup = B27924842C3BDE8B00F4F416 /* Products */;
			projectDirPath = "";
			projectRoot = "";
			targets = (
				B27924822C3BDE8B00F4F416 /* CleanArchitecture */,
				B27924922C3BDE8D00F4F416 /* CleanArchitectureTests */,
				B279249C2C3BDE8D00F4F416 /* CleanArchitectureUITests */,
			);
		};
/* End PBXProject section */

/* Begin PBXResourcesBuildPhase section */
		B27924812C3BDE8B00F4F416 /* Resources */ = {
			isa = PBXResourcesBuildPhase;
			buildActionMask = 2147483647;
			files = (
				B279248E2C3BDE8C00F4F416 /* Preview Assets.xcassets in Resources */,
				B279248B2C3BDE8C00F4F416 /* Assets.xcassets in Resources */,
			);
			runOnlyForDeploymentPostprocessing = 0;
		};
		B27924912C3BDE8D00F4F416 /* Resources */ = {
			isa = PBXResourcesBuildPhase;
			buildActionMask = 2147483647;
			files = (
			);
			runOnlyForDeploymentPostprocessing = 0;
		};
		B279249B2C3BDE8D00F4F416 /* Resources */ = {
			isa = PBXResourcesBuildPhase;
			buildActionMask = 2147483647;
			files = (
			);
			runOnlyForDeploymentPostprocessing = 0;
		};
/* End PBXResourcesBuildPhase section */

/* Begin PBXSourcesBuildPhase section */
		B279247F2C3BDE8B00F4F416 /* Sources */ = {
			isa = PBXSourcesBuildPhase;
			buildActionMask = 2147483647;
			files = (
				B27924D02C3BEF3E00F4F416 /* CardFeesCalculator.swift in Sources */,
				B27924FA2C3BFDDD00F4F416 /* CardsViewModel.swift in Sources */,
				B27924E32C3BF79100F4F416 /* CardEventsPublisher.swift in Sources */,
				B27924CC2C3BEE3300F4F416 /* TransactionFeePolicy.swift in Sources */,
				B27924B42C3BE01700F4F416 /* Currency.swift in Sources */,
				B27924F22C3BFCA900F4F416 /* UuidGenerator.swift in Sources */,
				B27924D42C3BF32600F4F416 /* Cards.swift in Sources */,
				B27924C22C3BE6AB00F4F416 /* CardTransactionId.swift in Sources */,
				B27924CA2C3BECD700F4F416 /* TransactionAddedEvent.swift in Sources */,
				B27924C82C3BEA9400F4F416 /* TransactionTimeSpecification.swift in Sources */,
				B27924D92C3BF44E00F4F416 /* ApplicationErrors.swift in Sources */,
				B27924CE2C3BEEBB00F4F416 /* PerTransactionFeePolicy.swift in Sources */,
				B27924DB2C3BF57D00F4F416 /* Transactions.swift in Sources */,
				B27924E62C3BF91E00F4F416 /* IdGenerator.swift in Sources */,
				B27924EF2C3BFC5E00F4F416 /* SystemTimeProvider.swift in Sources */,
				B27924C02C3BE66300F4F416 /* CardTransactionType.swift in Sources */,
				B27924BA2C3BE40300F4F416 /* Card.swift in Sources */,
				B27924892C3BDE8B00F4F416 /* CardsView.swift in Sources */,
				B27924F82C3BFD5100F4F416 /* InMemoryCardRepository.swift in Sources */,
				B27924B62C3BE07700F4F416 /* MonetaryAmount.swift in Sources */,
				B27924B82C3BE13F00F4F416 /* DomainErrors.swift in Sources */,
				B27924BC2C3BE49900F4F416 /* CardNumber.swift in Sources */,
				B27924E12C3BF74E00F4F416 /* CardChargedEvend.swift in Sources */,
				B27924C42C3BE6E800F4F416 /* CardTransaction.swift in Sources */,
				B27925022C3C07E000F4F416 /* PaymentsFacade.swift in Sources */,
				B27924872C3BDE8B00F4F416 /* CleanArchitectureApp.swift in Sources */,
				B27924C62C3BE8B000F4F416 /* TransactionAmountSpecification.swift in Sources */,
				B27924DD2C3BF66C00F4F416 /* Operations.swift in Sources */,
				B27924FE2C3C077800F4F416 /* Payments.swift in Sources */,
				B27924F52C3BFCFA00F4F416 /* ConsoleCardEventsPublisher.swift in Sources */,
				B27924E92C3BF9A400F4F416 /* TimeProvider.swift in Sources */,
				B27925072C3C0E6400F4F416 /* LoggingPaymentsProxy.swift in Sources */,
				B27925042C3C0D5100F4F416 /* IncrementalIdGenerator.swift in Sources */,
				B27924D72C3BF38400F4F416 /* CardRepository.swift in Sources */,
				B27924BE2C3BE4F300F4F416 /* validation.swift in Sources */,
				B27924FC2C3C027700F4F416 /* PaymentsConfiguration.swift in Sources */,
			);
			runOnlyForDeploymentPostprocessing = 0;
		};
		B279248F2C3BDE8D00F4F416 /* Sources */ = {
			isa = PBXSourcesBuildPhase;
			buildActionMask = 2147483647;
			files = (
				B27924982C3BDE8D00F4F416 /* CleanArchitectureTests.swift in Sources */,
			);
			runOnlyForDeploymentPostprocessing = 0;
		};
		B27924992C3BDE8D00F4F416 /* Sources */ = {
			isa = PBXSourcesBuildPhase;
			buildActionMask = 2147483647;
			files = (
				B27924A22C3BDE8D00F4F416 /* CleanArchitectureUITests.swift in Sources */,
				B27924A42C3BDE8D00F4F416 /* CleanArchitectureUITestsLaunchTests.swift in Sources */,
			);
			runOnlyForDeploymentPostprocessing = 0;
		};
/* End PBXSourcesBuildPhase section */

/* Begin PBXTargetDependency section */
		B27924952C3BDE8D00F4F416 /* PBXTargetDependency */ = {
			isa = PBXTargetDependency;
			target = B27924822C3BDE8B00F4F416 /* CleanArchitecture */;
			targetProxy = B27924942C3BDE8D00F4F416 /* PBXContainerItemProxy */;
		};
		B279249F2C3BDE8D00F4F416 /* PBXTargetDependency */ = {
			isa = PBXTargetDependency;
			target = B27924822C3BDE8B00F4F416 /* CleanArchitecture */;
			targetProxy = B279249E2C3BDE8D00F4F416 /* PBXContainerItemProxy */;
		};
/* End PBXTargetDependency section */

/* Begin XCBuildConfiguration section */
		B27924A52C3BDE8D00F4F416 /* Debug */ = {
			isa = XCBuildConfiguration;
			buildSettings = {
				ALWAYS_SEARCH_USER_PATHS = NO;
				ASSETCATALOG_COMPILER_GENERATE_SWIFT_ASSET_SYMBOL_EXTENSIONS = YES;
				CLANG_ANALYZER_NONNULL = YES;
				CLANG_ANALYZER_NUMBER_OBJECT_CONVERSION = YES_AGGRESSIVE;
				CLANG_CXX_LANGUAGE_STANDARD = "gnu++20";
				CLANG_ENABLE_MODULES = YES;
				CLANG_ENABLE_OBJC_ARC = YES;
				CLANG_ENABLE_OBJC_WEAK = YES;
				CLANG_WARN_BLOCK_CAPTURE_AUTORELEASING = YES;
				CLANG_WARN_BOOL_CONVERSION = YES;
				CLANG_WARN_COMMA = YES;
				CLANG_WARN_CONSTANT_CONVERSION = YES;
				CLANG_WARN_DEPRECATED_OBJC_IMPLEMENTATIONS = YES;
				CLANG_WARN_DIRECT_OBJC_ISA_USAGE = YES_ERROR;
				CLANG_WARN_DOCUMENTATION_COMMENTS = YES;
				CLANG_WARN_EMPTY_BODY = YES;
				CLANG_WARN_ENUM_CONVERSION = YES;
				CLANG_WARN_INFINITE_RECURSION = YES;
				CLANG_WARN_INT_CONVERSION = YES;
				CLANG_WARN_NON_LITERAL_NULL_CONVERSION = YES;
				CLANG_WARN_OBJC_IMPLICIT_RETAIN_SELF = YES;
				CLANG_WARN_OBJC_LITERAL_CONVERSION = YES;
				CLANG_WARN_OBJC_ROOT_CLASS = YES_ERROR;
				CLANG_WARN_QUOTED_INCLUDE_IN_FRAMEWORK_HEADER = YES;
				CLANG_WARN_RANGE_LOOP_ANALYSIS = YES;
				CLANG_WARN_STRICT_PROTOTYPES = YES;
				CLANG_WARN_SUSPICIOUS_MOVE = YES;
				CLANG_WARN_UNGUARDED_AVAILABILITY = YES_AGGRESSIVE;
				CLANG_WARN_UNREACHABLE_CODE = YES;
				CLANG_WARN__DUPLICATE_METHOD_MATCH = YES;
				COPY_PHASE_STRIP = NO;
				DEBUG_INFORMATION_FORMAT = dwarf;
				ENABLE_STRICT_OBJC_MSGSEND = YES;
				ENABLE_TESTABILITY = YES;
				ENABLE_USER_SCRIPT_SANDBOXING = YES;
				GCC_C_LANGUAGE_STANDARD = gnu17;
				GCC_DYNAMIC_NO_PIC = NO;
				GCC_NO_COMMON_BLOCKS = YES;
				GCC_OPTIMIZATION_LEVEL = 0;
				GCC_PREPROCESSOR_DEFINITIONS = (
					"DEBUG=1",
					"$(inherited)",
				);
				GCC_WARN_64_TO_32_BIT_CONVERSION = YES;
				GCC_WARN_ABOUT_RETURN_TYPE = YES_ERROR;
				GCC_WARN_UNDECLARED_SELECTOR = YES;
				GCC_WARN_UNINITIALIZED_AUTOS = YES_AGGRESSIVE;
				GCC_WARN_UNUSED_FUNCTION = YES;
				GCC_WARN_UNUSED_VARIABLE = YES;
				IPHONEOS_DEPLOYMENT_TARGET = 17.5;
				LOCALIZATION_PREFERS_STRING_CATALOGS = YES;
				MTL_ENABLE_DEBUG_INFO = INCLUDE_SOURCE;
				MTL_FAST_MATH = YES;
				ONLY_ACTIVE_ARCH = YES;
				SDKROOT = iphoneos;
				SWIFT_ACTIVE_COMPILATION_CONDITIONS = "DEBUG $(inherited)";
				SWIFT_OPTIMIZATION_LEVEL = "-Onone";
			};
			name = Debug;
		};
		B27924A62C3BDE8D00F4F416 /* Release */ = {
			isa = XCBuildConfiguration;
			buildSettings = {
				ALWAYS_SEARCH_USER_PATHS = NO;
				ASSETCATALOG_COMPILER_GENERATE_SWIFT_ASSET_SYMBOL_EXTENSIONS = YES;
				CLANG_ANALYZER_NONNULL = YES;
				CLANG_ANALYZER_NUMBER_OBJECT_CONVERSION = YES_AGGRESSIVE;
				CLANG_CXX_LANGUAGE_STANDARD = "gnu++20";
				CLANG_ENABLE_MODULES = YES;
				CLANG_ENABLE_OBJC_ARC = YES;
				CLANG_ENABLE_OBJC_WEAK = YES;
				CLANG_WARN_BLOCK_CAPTURE_AUTORELEASING = YES;
				CLANG_WARN_BOOL_CONVERSION = YES;
				CLANG_WARN_COMMA = YES;
				CLANG_WARN_CONSTANT_CONVERSION = YES;
				CLANG_WARN_DEPRECATED_OBJC_IMPLEMENTATIONS = YES;
				CLANG_WARN_DIRECT_OBJC_ISA_USAGE = YES_ERROR;
				CLANG_WARN_DOCUMENTATION_COMMENTS = YES;
				CLANG_WARN_EMPTY_BODY = YES;
				CLANG_WARN_ENUM_CONVERSION = YES;
				CLANG_WARN_INFINITE_RECURSION = YES;
				CLANG_WARN_INT_CONVERSION = YES;
				CLANG_WARN_NON_LITERAL_NULL_CONVERSION = YES;
				CLANG_WARN_OBJC_IMPLICIT_RETAIN_SELF = YES;
				CLANG_WARN_OBJC_LITERAL_CONVERSION = YES;
				CLANG_WARN_OBJC_ROOT_CLASS = YES_ERROR;
				CLANG_WARN_QUOTED_INCLUDE_IN_FRAMEWORK_HEADER = YES;
				CLANG_WARN_RANGE_LOOP_ANALYSIS = YES;
				CLANG_WARN_STRICT_PROTOTYPES = YES;
				CLANG_WARN_SUSPICIOUS_MOVE = YES;
				CLANG_WARN_UNGUARDED_AVAILABILITY = YES_AGGRESSIVE;
				CLANG_WARN_UNREACHABLE_CODE = YES;
				CLANG_WARN__DUPLICATE_METHOD_MATCH = YES;
				COPY_PHASE_STRIP = NO;
				DEBUG_INFORMATION_FORMAT = "dwarf-with-dsym";
				ENABLE_NS_ASSERTIONS = NO;
				ENABLE_STRICT_OBJC_MSGSEND = YES;
				ENABLE_USER_SCRIPT_SANDBOXING = YES;
				GCC_C_LANGUAGE_STANDARD = gnu17;
				GCC_NO_COMMON_BLOCKS = YES;
				GCC_WARN_64_TO_32_BIT_CONVERSION = YES;
				GCC_WARN_ABOUT_RETURN_TYPE = YES_ERROR;
				GCC_WARN_UNDECLARED_SELECTOR = YES;
				GCC_WARN_UNINITIALIZED_AUTOS = YES_AGGRESSIVE;
				GCC_WARN_UNUSED_FUNCTION = YES;
				GCC_WARN_UNUSED_VARIABLE = YES;
				IPHONEOS_DEPLOYMENT_TARGET = 17.5;
				LOCALIZATION_PREFERS_STRING_CATALOGS = YES;
				MTL_ENABLE_DEBUG_INFO = NO;
				MTL_FAST_MATH = YES;
				SDKROOT = iphoneos;
				SWIFT_COMPILATION_MODE = wholemodule;
				VALIDATE_PRODUCT = YES;
			};
			name = Release;
		};
		B27924A82C3BDE8D00F4F416 /* Debug */ = {
			isa = XCBuildConfiguration;
			buildSettings = {
				ASSETCATALOG_COMPILER_APPICON_NAME = AppIcon;
				ASSETCATALOG_COMPILER_GLOBAL_ACCENT_COLOR_NAME = AccentColor;
				CODE_SIGN_STYLE = Automatic;
				CURRENT_PROJECT_VERSION = 1;
				DEVELOPMENT_ASSET_PATHS = "\"CleanArchitecture/Preview Content\"";
				DEVELOPMENT_TEAM = 34A9J24W7Y;
				ENABLE_PREVIEWS = YES;
				GENERATE_INFOPLIST_FILE = YES;
				INFOPLIST_KEY_UIApplicationSceneManifest_Generation = YES;
				INFOPLIST_KEY_UIApplicationSupportsIndirectInputEvents = YES;
				INFOPLIST_KEY_UILaunchScreen_Generation = YES;
				INFOPLIST_KEY_UISupportedInterfaceOrientations_iPad = "UIInterfaceOrientationPortrait UIInterfaceOrientationPortraitUpsideDown UIInterfaceOrientationLandscapeLeft UIInterfaceOrientationLandscapeRight";
				INFOPLIST_KEY_UISupportedInterfaceOrientations_iPhone = "UIInterfaceOrientationPortrait UIInterfaceOrientationLandscapeLeft UIInterfaceOrientationLandscapeRight";
				LD_RUNPATH_SEARCH_PATHS = (
					"$(inherited)",
					"@executable_path/Frameworks",
				);
				MARKETING_VERSION = 1.0;
				PRODUCT_BUNDLE_IDENTIFIER = pl.training.CleanArchitecture;
				PRODUCT_NAME = "$(TARGET_NAME)";
				SWIFT_EMIT_LOC_STRINGS = YES;
				SWIFT_VERSION = 5.0;
				TARGETED_DEVICE_FAMILY = "1,2";
			};
			name = Debug;
		};
		B27924A92C3BDE8D00F4F416 /* Release */ = {
			isa = XCBuildConfiguration;
			buildSettings = {
				ASSETCATALOG_COMPILER_APPICON_NAME = AppIcon;
				ASSETCATALOG_COMPILER_GLOBAL_ACCENT_COLOR_NAME = AccentColor;
				CODE_SIGN_STYLE = Automatic;
				CURRENT_PROJECT_VERSION = 1;
				DEVELOPMENT_ASSET_PATHS = "\"CleanArchitecture/Preview Content\"";
				DEVELOPMENT_TEAM = 34A9J24W7Y;
				ENABLE_PREVIEWS = YES;
				GENERATE_INFOPLIST_FILE = YES;
				INFOPLIST_KEY_UIApplicationSceneManifest_Generation = YES;
				INFOPLIST_KEY_UIApplicationSupportsIndirectInputEvents = YES;
				INFOPLIST_KEY_UILaunchScreen_Generation = YES;
				INFOPLIST_KEY_UISupportedInterfaceOrientations_iPad = "UIInterfaceOrientationPortrait UIInterfaceOrientationPortraitUpsideDown UIInterfaceOrientationLandscapeLeft UIInterfaceOrientationLandscapeRight";
				INFOPLIST_KEY_UISupportedInterfaceOrientations_iPhone = "UIInterfaceOrientationPortrait UIInterfaceOrientationLandscapeLeft UIInterfaceOrientationLandscapeRight";
				LD_RUNPATH_SEARCH_PATHS = (
					"$(inherited)",
					"@executable_path/Frameworks",
				);
				MARKETING_VERSION = 1.0;
				PRODUCT_BUNDLE_IDENTIFIER = pl.training.CleanArchitecture;
				PRODUCT_NAME = "$(TARGET_NAME)";
				SWIFT_EMIT_LOC_STRINGS = YES;
				SWIFT_VERSION = 5.0;
				TARGETED_DEVICE_FAMILY = "1,2";
			};
			name = Release;
		};
		B27924AB2C3BDE8D00F4F416 /* Debug */ = {
			isa = XCBuildConfiguration;
			buildSettings = {
				ALWAYS_EMBED_SWIFT_STANDARD_LIBRARIES = YES;
				BUNDLE_LOADER = "$(TEST_HOST)";
				CODE_SIGN_STYLE = Automatic;
				CURRENT_PROJECT_VERSION = 1;
				DEVELOPMENT_TEAM = 34A9J24W7Y;
				GENERATE_INFOPLIST_FILE = YES;
				IPHONEOS_DEPLOYMENT_TARGET = 17.5;
				MARKETING_VERSION = 1.0;
				PRODUCT_BUNDLE_IDENTIFIER = pl.training.CleanArchitectureTests;
				PRODUCT_NAME = "$(TARGET_NAME)";
				SWIFT_EMIT_LOC_STRINGS = NO;
				SWIFT_VERSION = 5.0;
				TARGETED_DEVICE_FAMILY = "1,2";
				TEST_HOST = "$(BUILT_PRODUCTS_DIR)/CleanArchitecture.app/$(BUNDLE_EXECUTABLE_FOLDER_PATH)/CleanArchitecture";
			};
			name = Debug;
		};
		B27924AC2C3BDE8D00F4F416 /* Release */ = {
			isa = XCBuildConfiguration;
			buildSettings = {
				ALWAYS_EMBED_SWIFT_STANDARD_LIBRARIES = YES;
				BUNDLE_LOADER = "$(TEST_HOST)";
				CODE_SIGN_STYLE = Automatic;
				CURRENT_PROJECT_VERSION = 1;
				DEVELOPMENT_TEAM = 34A9J24W7Y;
				GENERATE_INFOPLIST_FILE = YES;
				IPHONEOS_DEPLOYMENT_TARGET = 17.5;
				MARKETING_VERSION = 1.0;
				PRODUCT_BUNDLE_IDENTIFIER = pl.training.CleanArchitectureTests;
				PRODUCT_NAME = "$(TARGET_NAME)";
				SWIFT_EMIT_LOC_STRINGS = NO;
				SWIFT_VERSION = 5.0;
				TARGETED_DEVICE_FAMILY = "1,2";
				TEST_HOST = "$(BUILT_PRODUCTS_DIR)/CleanArchitecture.app/$(BUNDLE_EXECUTABLE_FOLDER_PATH)/CleanArchitecture";
			};
			name = Release;
		};
		B27924AE2C3BDE8D00F4F416 /* Debug */ = {
			isa = XCBuildConfiguration;
			buildSettings = {
				ALWAYS_EMBED_SWIFT_STANDARD_LIBRARIES = YES;
				CODE_SIGN_STYLE = Automatic;
				CURRENT_PROJECT_VERSION = 1;
				DEVELOPMENT_TEAM = 34A9J24W7Y;
				GENERATE_INFOPLIST_FILE = YES;
				MARKETING_VERSION = 1.0;
				PRODUCT_BUNDLE_IDENTIFIER = pl.training.CleanArchitectureUITests;
				PRODUCT_NAME = "$(TARGET_NAME)";
				SWIFT_EMIT_LOC_STRINGS = NO;
				SWIFT_VERSION = 5.0;
				TARGETED_DEVICE_FAMILY = "1,2";
				TEST_TARGET_NAME = CleanArchitecture;
			};
			name = Debug;
		};
		B27924AF2C3BDE8D00F4F416 /* Release */ = {
			isa = XCBuildConfiguration;
			buildSettings = {
				ALWAYS_EMBED_SWIFT_STANDARD_LIBRARIES = YES;
				CODE_SIGN_STYLE = Automatic;
				CURRENT_PROJECT_VERSION = 1;
				DEVELOPMENT_TEAM = 34A9J24W7Y;
				GENERATE_INFOPLIST_FILE = YES;
				MARKETING_VERSION = 1.0;
				PRODUCT_BUNDLE_IDENTIFIER = pl.training.CleanArchitectureUITests;
				PRODUCT_NAME = "$(TARGET_NAME)";
				SWIFT_EMIT_LOC_STRINGS = NO;
				SWIFT_VERSION = 5.0;
				TARGETED_DEVICE_FAMILY = "1,2";
				TEST_TARGET_NAME = CleanArchitecture;
			};
			name = Release;
		};
/* End XCBuildConfiguration section */

/* Begin XCConfigurationList section */
		B279247E2C3BDE8B00F4F416 /* Build configuration list for PBXProject "CleanArchitecture" */ = {
			isa = XCConfigurationList;
			buildConfigurations = (
				B27924A52C3BDE8D00F4F416 /* Debug */,
				B27924A62C3BDE8D00F4F416 /* Release */,
			);
			defaultConfigurationIsVisible = 0;
			defaultConfigurationName = Release;
		};
		B27924A72C3BDE8D00F4F416 /* Build configuration list for PBXNativeTarget "CleanArchitecture" */ = {
			isa = XCConfigurationList;
			buildConfigurations = (
				B27924A82C3BDE8D00F4F416 /* Debug */,
				B27924A92C3BDE8D00F4F416 /* Release */,
			);
			defaultConfigurationIsVisible = 0;
			defaultConfigurationName = Release;
		};
		B27924AA2C3BDE8D00F4F416 /* Build configuration list for PBXNativeTarget "CleanArchitectureTests" */ = {
			isa = XCConfigurationList;
			buildConfigurations = (
				B27924AB2C3BDE8D00F4F416 /* Debug */,
				B27924AC2C3BDE8D00F4F416 /* Release */,
			);
			defaultConfigurationIsVisible = 0;
			defaultConfigurationName = Release;
		};
		B27924AD2C3BDE8D00F4F416 /* Build configuration list for PBXNativeTarget "CleanArchitectureUITests" */ = {
			isa = XCConfigurationList;
			buildConfigurations = (
				B27924AE2C3BDE8D00F4F416 /* Debug */,
				B27924AF2C3BDE8D00F4F416 /* Release */,
			);
			defaultConfigurationIsVisible = 0;
			defaultConfigurationName = Release;
		};
/* End XCConfigurationList section */
	};
	rootObject = B279247B2C3BDE8B00F4F416 /* Project object */;
}
